
Microsoft Visual Studio Solution File, Format Version 12.00
# Visual Studio 14
VisualStudioVersion = 14.0.25420.1
MinimumVisualStudioVersion = 10.0.40219.1
Project("{FAE04EC0-301F-11D3-BF4B-00C04F79EFBC}") = "CCM.Application", "project\CCM.Application\CCM.Application.csproj", "{F2035EE2-B73D-4FB8-A433-CAB465DE6A2A}"
EndProject
Project("{FAE04EC0-301F-11D3-BF4B-00C04F79EFBC}") = "CCM.Code", "project\CCM.Code\CCM.Code.csproj", "{DB19CE03-C307-43FE-A209-08AA4AE10E21}"
EndProject
Project("{2150E333-8FDC-42A3-9474-1A3956D46DE8}") = "01 Common", "01 Common", "{3BCFAE2B-604B-4B74-9C7B-801DE31C6F70}"
EndProject
Project("{FAE04EC0-301F-11D3-BF4B-00C04F79EFBC}") = "CCM.Data", "project\CCM.Data\CCM.Data.csproj", "{F71003E8-A836-48F4-9DF6-DF9095CEBD18}"
EndProject
Project("{FAE04EC0-301F-11D3-BF4B-00C04F79EFBC}") = "CCM.Domain", "project\CCM.Domain\CCM.Domain.csproj", "{7DC886CD-B8A0-44E8-AADD-57FCB0CFECB8}"
EndProject
Project("{FAE04EC0-301F-11D3-BF4B-00C04F79EFBC}") = "CCM.Mapping", "project\CCM.Mapping\CCM.Mapping.csproj", "{4E642CBE-F6C5-4CB9-9474-6B349652FE77}"
EndProject
Project("{FAE04EC0-301F-11D3-BF4B-00C04F79EFBC}") = "CCM.Repository", "project\CCM.Repository\CCM.Repository.csproj", "{875233BF-EA15-49E0-9A9C-77884A897FF6}"
EndProject
Project("{FAE04EC0-301F-11D3-BF4B-00C04F79EFBC}") = "CCM.Web.Admin", "project\CCM.Web.Admin\CCM.Web.Admin.csproj", "{F669EC4B-DDF0-4E46-AE7A-BC6B5DF3184B}"
EndProject
Project("{2150E333-8FDC-42A3-9474-1A3956D46DE8}") = "02 Domain", "02 Domain", "{21732DE2-E239-4544-8210-8481652081B6}"
EndProject
Project("{2150E333-8FDC-42A3-9474-1A3956D46DE8}") = "03 Web", "03 Web", "{986B3584-9D5E-4D67-A83A-4ED72E6306D0}"
EndProject
Global
	GlobalSection(SolutionConfigurationPlatforms) = preSolution
		Debug|Any CPU = Debug|Any CPU
		Release|Any CPU = Release|Any CPU
	EndGlobalSection
	GlobalSection(ProjectConfigurationPlatforms) = postSolution
		{F2035EE2-B73D-4FB8-A433-CAB465DE6A2A}.Debug|Any CPU.ActiveCfg = Debug|Any CPU
		{F2035EE2-B73D-4FB8-A433-CAB465DE6A2A}.Debug|Any CPU.Build.0 = Debug|Any CPU
		{F2035EE2-B73D-4FB8-A433-CAB465DE6A2A}.Release|Any CPU.ActiveCfg = Release|Any CPU
		{F2035EE2-B73D-4FB8-A433-CAB465DE6A2A}.Release|Any CPU.Build.0 = Release|Any CPU
		{DB19CE03-C307-43FE-A209-08AA4AE10E21}.Debug|Any CPU.ActiveCfg = Debug|Any CPU
		{DB19CE03-C307-43FE-A209-08AA4AE10E21}.Debug|Any CPU.Build.0 = Debug|Any CPU
		{DB19CE03-C307-43FE-A209-08AA4AE10E21}.Release|Any CPU.ActiveCfg = Release|Any CPU
		{DB19CE03-C307-43FE-A209-08AA4AE10E21}.Release|Any CPU.Build.0 = Release|Any CPU
		{F71003E8-A836-48F4-9DF6-DF9095CEBD18}.Debug|Any CPU.ActiveCfg = Debug|Any CPU
		{F71003E8-A836-48F4-9DF6-DF9095CEBD18}.Debug|Any CPU.Build.0 = Debug|Any CPU
		{F71003E8-A836-48F4-9DF6-DF9095CEBD18}.Release|Any CPU.ActiveCfg = Release|Any CPU
		{F71003E8-A836-48F4-9DF6-DF9095CEBD18}.Release|Any CPU.Build.0 = Release|Any CPU
		{7DC886CD-B8A0-44E8-AADD-57FCB0CFECB8}.Debug|Any CPU.ActiveCfg = Debug|Any CPU
		{7DC886CD-B8A0-44E8-AADD-57FCB0CFECB8}.Debug|Any CPU.Build.0 = Debug|Any CPU
		{7DC886CD-B8A0-44E8-AADD-57FCB0CFECB8}.Release|Any CPU.ActiveCfg = Release|Any CPU
		{7DC886CD-B8A0-44E8-AADD-57FCB0CFECB8}.Release|Any CPU.Build.0 = Release|Any CPU
		{4E642CBE-F6C5-4CB9-9474-6B349652FE77}.Debug|Any CPU.ActiveCfg = Debug|Any CPU
		{4E642CBE-F6C5-4CB9-9474-6B349652FE77}.Debug|Any CPU.Build.0 = Debug|Any CPU
		{4E642CBE-F6C5-4CB9-9474-6B349652FE77}.Release|Any CPU.ActiveCfg = Release|Any CPU
		{4E642CBE-F6C5-4CB9-9474-6B349652FE77}.Release|Any CPU.Build.0 = Release|Any CPU
		{875233BF-EA15-49E0-9A9C-77884A897FF6}.Debug|Any CPU.ActiveCfg = Debug|Any CPU
		{875233BF-EA15-49E0-9A9C-77884A897FF6}.Debug|Any CPU.Build.0 = Debug|Any CPU
		{875233BF-EA15-49E0-9A9C-77884A897FF6}.Release|Any CPU.ActiveCfg = Release|Any CPU
		{875233BF-EA15-49E0-9A9C-77884A897FF6}.Release|Any CPU.Build.0 = Release|Any CPU
		{F669EC4B-DDF0-4E46-AE7A-BC6B5DF3184B}.Debug|Any CPU.ActiveCfg = Debug|Any CPU
		{F669EC4B-DDF0-4E46-AE7A-BC6B5DF3184B}.Debug|Any CPU.Build.0 = Debug|Any CPU
		{F669EC4B-DDF0-4E46-AE7A-BC6B5DF3184B}.Release|Any CPU.ActiveCfg = Release|Any CPU
		{F669EC4B-DDF0-4E46-AE7A-BC6B5DF3184B}.Release|Any CPU.Build.0 = Release|Any CPU
	EndGlobalSection
	GlobalSection(SolutionProperties) = preSolution
		HideSolutionNode = FALSE
	EndGlobalSection
	GlobalSection(NestedProjects) = preSolution
		{F2035EE2-B73D-4FB8-A433-CAB465DE6A2A} = {21732DE2-E239-4544-8210-8481652081B6}
		{DB19CE03-C307-43FE-A209-08AA4AE10E21} = {3BCFAE2B-604B-4B74-9C7B-801DE31C6F70}
		{F71003E8-A836-48F4-9DF6-DF9095CEBD18} = {3BCFAE2B-604B-4B74-9C7B-801DE31C6F70}
		{7DC886CD-B8A0-44E8-AADD-57FCB0CFECB8} = {21732DE2-E239-4544-8210-8481652081B6}
		{4E642CBE-F6C5-4CB9-9474-6B349652FE77} = {21732DE2-E239-4544-8210-8481652081B6}
		{875233BF-EA15-49E0-9A9C-77884A897FF6} = {21732DE2-E239-4544-8210-8481652081B6}
		{F669EC4B-DDF0-4E46-AE7A-BC6B5DF3184B} = {986B3584-9D5E-4D67-A83A-4ED72E6306D0}
	EndGlobalSection
EndGlobal
