
Microsoft Visual Studio Solution File, Format Version 12.00
# Visual Studio 14
VisualStudioVersion = 14.0.25420.1
MinimumVisualStudioVersion = 10.0.40219.1
Project("{FAE04EC0-301F-11D3-BF4B-00C04F79EFBC}") = "CCM.Application", "CCM.Application\CCM.Application.csproj", "{F2035EE2-B73D-4FB8-A433-CAB465DE6A2A}"
EndProject
Project("{FAE04EC0-301F-11D3-BF4B-00C04F79EFBC}") = "CCM.Code", "CCM.Code\CCM.Code.csproj", "{DB19CE03-C307-43FE-A209-08AA4AE10E21}"
EndProject
Project("{FAE04EC0-301F-11D3-BF4B-00C04F79EFBC}") = "CCM.Data", "CCM.Data\CCM.Data.csproj", "{F71003E8-A836-48F4-9DF6-DF9095CEBD18}"
EndProject
Project("{FAE04EC0-301F-11D3-BF4B-00C04F79EFBC}") = "CCM.Web", "CCM.Web\CCM.Web.csproj", "{F669EC4B-DDF0-4E46-AE7A-BC6B5DF3184B}"
EndProject
Project("{FAE04EC0-301F-11D3-BF4B-00C04F79EFBC}") = "CCM.Domain", "CCM.Domain\CCM.Domain.csproj", "{7DC886CD-B8A0-44E8-AADD-57FCB0CFECB8}"
EndProject
Project("{FAE04EC0-301F-11D3-BF4B-00C04F79EFBC}") = "CCM.Mapping", "CCM.Mapping\CCM.Mapping.csproj", "{4E642CBE-F6C5-4CB9-9474-6B349652FE77}"
EndProject
Project("{FAE04EC0-301F-11D3-BF4B-00C04F79EFBC}") = "CCM.Repository", "CCM.Repository\CCM.Repository.csproj", "{875233BF-EA15-49E0-9A9C-77884A897FF6}"
EndProject
Project("{2150E333-8FDC-42A3-9474-1A3956D46DE8}") = "01 Common 基礎結構層", "01 Common 基礎結構層", "{6C82E0BD-5BED-4BB3-BA96-552F2F171B20}"
EndProject
Project("{2150E333-8FDC-42A3-9474-1A3956D46DE8}") = "02 Domain 應用服務層", "02 Domain 應用服務層", "{553AC100-093E-4E32-AB86-068EB7037885}"
EndProject
Project("{2150E333-8FDC-42A3-9474-1A3956D46DE8}") = "03 Web 應用程序", "03 Web 應用程序", "{A87395F6-0C27-4718-B205-407CD87559F7}"
EndProject
Global
	GlobalSection(SolutionConfigurationPlatforms) = preSolution
		Debug|Any CPU = Debug|Any CPU
		Release|Any CPU = Release|Any CPU
	EndGlobalSection
	GlobalSection(ProjectConfigurationPlatforms) = postSolution
		{F2035EE2-B73D-4FB8-A433-CAB465DE6A2A}.Debug|Any CPU.ActiveCfg = Debug|Any CPU
		{F2035EE2-B73D-4FB8-A433-CAB465DE6A2A}.Debug|Any CPU.Build.0 = Debug|Any CPU
		{F2035EE2-B73D-4FB8-A433-CAB465DE6A2A}.Release|Any CPU.ActiveCfg = Release|Any CPU
		{F2035EE2-B73D-4FB8-A433-CAB465DE6A2A}.Release|Any CPU.Build.0 = Release|Any CPU
		{DB19CE03-C307-43FE-A209-08AA4AE10E21}.Debug|Any CPU.ActiveCfg = Debug|Any CPU
		{DB19CE03-C307-43FE-A209-08AA4AE10E21}.Debug|Any CPU.Build.0 = Debug|Any CPU
		{DB19CE03-C307-43FE-A209-08AA4AE10E21}.Release|Any CPU.ActiveCfg = Release|Any CPU
		{DB19CE03-C307-43FE-A209-08AA4AE10E21}.Release|Any CPU.Build.0 = Release|Any CPU
		{F71003E8-A836-48F4-9DF6-DF9095CEBD18}.Debug|Any CPU.ActiveCfg = Debug|Any CPU
		{F71003E8-A836-48F4-9DF6-DF9095CEBD18}.Debug|Any CPU.Build.0 = Debug|Any CPU
		{F71003E8-A836-48F4-9DF6-DF9095CEBD18}.Release|Any CPU.ActiveCfg = Release|Any CPU
		{F71003E8-A836-48F4-9DF6-DF9095CEBD18}.Release|Any CPU.Build.0 = Release|Any CPU
		{F669EC4B-DDF0-4E46-AE7A-BC6B5DF3184B}.Debug|Any CPU.ActiveCfg = Debug|Any CPU
		{F669EC4B-DDF0-4E46-AE7A-BC6B5DF3184B}.Debug|Any CPU.Build.0 = Debug|Any CPU
		{F669EC4B-DDF0-4E46-AE7A-BC6B5DF3184B}.Release|Any CPU.ActiveCfg = Release|Any CPU
		{F669EC4B-DDF0-4E46-AE7A-BC6B5DF3184B}.Release|Any CPU.Build.0 = Release|Any CPU
		{7DC886CD-B8A0-44E8-AADD-57FCB0CFECB8}.Debug|Any CPU.ActiveCfg = Debug|Any CPU
		{7DC886CD-B8A0-44E8-AADD-57FCB0CFECB8}.Debug|Any CPU.Build.0 = Debug|Any CPU
		{7DC886CD-B8A0-44E8-AADD-57FCB0CFECB8}.Release|Any CPU.ActiveCfg = Release|Any CPU
		{7DC886CD-B8A0-44E8-AADD-57FCB0CFECB8}.Release|Any CPU.Build.0 = Release|Any CPU
		{4E642CBE-F6C5-4CB9-9474-6B349652FE77}.Debug|Any CPU.ActiveCfg = Debug|Any CPU
		{4E642CBE-F6C5-4CB9-9474-6B349652FE77}.Debug|Any CPU.Build.0 = Debug|Any CPU
		{4E642CBE-F6C5-4CB9-9474-6B349652FE77}.Release|Any CPU.ActiveCfg = Release|Any CPU
		{4E642CBE-F6C5-4CB9-9474-6B349652FE77}.Release|Any CPU.Build.0 = Release|Any CPU
		{875233BF-EA15-49E0-9A9C-77884A897FF6}.Debug|Any CPU.ActiveCfg = Debug|Any CPU
		{875233BF-EA15-49E0-9A9C-77884A897FF6}.Debug|Any CPU.Build.0 = Debug|Any CPU
		{875233BF-EA15-49E0-9A9C-77884A897FF6}.Release|Any CPU.ActiveCfg = Release|Any CPU
		{875233BF-EA15-49E0-9A9C-77884A897FF6}.Release|Any CPU.Build.0 = Release|Any CPU
	EndGlobalSection
	GlobalSection(SolutionProperties) = preSolution
		HideSolutionNode = FALSE
	EndGlobalSection
	GlobalSection(NestedProjects) = preSolution
		{F2035EE2-B73D-4FB8-A433-CAB465DE6A2A} = {553AC100-093E-4E32-AB86-068EB7037885}
		{DB19CE03-C307-43FE-A209-08AA4AE10E21} = {6C82E0BD-5BED-4BB3-BA96-552F2F171B20}
		{F71003E8-A836-48F4-9DF6-DF9095CEBD18} = {6C82E0BD-5BED-4BB3-BA96-552F2F171B20}
		{F669EC4B-DDF0-4E46-AE7A-BC6B5DF3184B} = {A87395F6-0C27-4718-B205-407CD87559F7}
		{7DC886CD-B8A0-44E8-AADD-57FCB0CFECB8} = {553AC100-093E-4E32-AB86-068EB7037885}
		{4E642CBE-F6C5-4CB9-9474-6B349652FE77} = {553AC100-093E-4E32-AB86-068EB7037885}
		{875233BF-EA15-49E0-9A9C-77884A897FF6} = {553AC100-093E-4E32-AB86-068EB7037885}
	EndGlobalSection
EndGlobal
